
Microsoft Visual Studio Solution File, Format Version 12.00
# Visual Studio Version 17
VisualStudioVersion = 17.11.35303.130
MinimumVisualStudioVersion = 10.0.40219.1
Project("{2150E333-8FDC-42A3-9474-1A3956D46DE8}") = "test", "test", "{3253D64A-C370-4CF7-9976-BF78A3F2864D}"
EndProject
Project("{9A19103F-16F7-4668-BE54-9A1E7A4F7556}") = "ConsoleApp1", "ConsoleApp1\ConsoleApp1.csproj", "{02B2AD84-F14E-4102-AC64-5E702FEC4D76}"
EndProject
Project("{2150E333-8FDC-42A3-9474-1A3956D46DE8}") = "Task0", "Task0", "{309D55B7-EAEB-49C4-AFBB-37146D9BE7CB}"
EndProject
Project("{FAE04EC0-301F-11D3-BF4B-00C04F79EFBC}") = "Tyuiu.ChigurovMV.Sprint5.Task0.V4", "Tyuiu.ChigurovMV.Sprint5.Task0.V4\Tyuiu.ChigurovMV.Sprint5.Task0.V4.csproj", "{2F202EA4-6373-4757-916F-BD01E6804E04}"
EndProject
Project("{FAE04EC0-301F-11D3-BF4B-00C04F79EFBC}") = "Tyuiu.ChigurovMV.Sprint5.Task0.V4.Test", "Tyuiu.ChigurovMV.Sprint5.Task0.V4.Test\Tyuiu.ChigurovMV.Sprint5.Task0.V4.Test.csproj", "{0FEBDAB0-3453-40F2-8412-7C7E5CB92AC8}"
EndProject
Project("{FAE04EC0-301F-11D3-BF4B-00C04F79EFBC}") = "Tyuiu.ChigurovMV.Sprint5.Task0.V4.Lib", "Tyuiu.ChigurovMV.Sprint5.Task0.V4.Lib\Tyuiu.ChigurovMV.Sprint5.Task0.V4.Lib.csproj", "{78428977-1D86-4D8F-AA06-814B1A5017D0}"
EndProject
Project("{2150E333-8FDC-42A3-9474-1A3956D46DE8}") = "Task1", "Task1", "{9C3DE97D-38F5-47BA-872F-C150A4F50462}"
EndProject
Project("{FAE04EC0-301F-11D3-BF4B-00C04F79EFBC}") = "Tyuiu.ChigurovMV.Sprint5.Task1.V17", "Tyuiu.ChigurovMV.Sprint5.Task1.V17\Tyuiu.ChigurovMV.Sprint5.Task1.V17.csproj", "{CE8000F7-23C2-43A3-824F-EBC9BD2394D1}"
EndProject
Project("{FAE04EC0-301F-11D3-BF4B-00C04F79EFBC}") = "Tyuiu.ChigurovMV.Sprint5.Task1.V17.Lib", "Tyuiu.ChigurovMV.Sprint5.Task1.V17.Lib\Tyuiu.ChigurovMV.Sprint5.Task1.V17.Lib.csproj", "{38BF7BF9-8328-4F8A-8149-864F024FDE71}"
EndProject
Project("{FAE04EC0-301F-11D3-BF4B-00C04F79EFBC}") = "Tyuiu.ChigurovMV.Sprint5.Task1.V17.Test", "Tyuiu.ChigurovMV.Sprint5.Task1.V17.Test\Tyuiu.ChigurovMV.Sprint5.Task1.V17.Test.csproj", "{2BA132D7-8589-4A8B-84C6-637EB6E92076}"
EndProject
Global
	GlobalSection(SolutionConfigurationPlatforms) = preSolution
		Debug|Any CPU = Debug|Any CPU
		Release|Any CPU = Release|Any CPU
	EndGlobalSection
	GlobalSection(ProjectConfigurationPlatforms) = postSolution
		{02B2AD84-F14E-4102-AC64-5E702FEC4D76}.Debug|Any CPU.ActiveCfg = Debug|Any CPU
		{02B2AD84-F14E-4102-AC64-5E702FEC4D76}.Debug|Any CPU.Build.0 = Debug|Any CPU
		{02B2AD84-F14E-4102-AC64-5E702FEC4D76}.Release|Any CPU.ActiveCfg = Release|Any CPU
		{02B2AD84-F14E-4102-AC64-5E702FEC4D76}.Release|Any CPU.Build.0 = Release|Any CPU
		{2F202EA4-6373-4757-916F-BD01E6804E04}.Debug|Any CPU.ActiveCfg = Debug|Any CPU
		{2F202EA4-6373-4757-916F-BD01E6804E04}.Debug|Any CPU.Build.0 = Debug|Any CPU
		{2F202EA4-6373-4757-916F-BD01E6804E04}.Release|Any CPU.ActiveCfg = Release|Any CPU
		{2F202EA4-6373-4757-916F-BD01E6804E04}.Release|Any CPU.Build.0 = Release|Any CPU
		{0FEBDAB0-3453-40F2-8412-7C7E5CB92AC8}.Debug|Any CPU.ActiveCfg = Debug|Any CPU
		{0FEBDAB0-3453-40F2-8412-7C7E5CB92AC8}.Debug|Any CPU.Build.0 = Debug|Any CPU
		{0FEBDAB0-3453-40F2-8412-7C7E5CB92AC8}.Release|Any CPU.ActiveCfg = Release|Any CPU
		{0FEBDAB0-3453-40F2-8412-7C7E5CB92AC8}.Release|Any CPU.Build.0 = Release|Any CPU
		{78428977-1D86-4D8F-AA06-814B1A5017D0}.Debug|Any CPU.ActiveCfg = Debug|Any CPU
		{78428977-1D86-4D8F-AA06-814B1A5017D0}.Debug|Any CPU.Build.0 = Debug|Any CPU
		{78428977-1D86-4D8F-AA06-814B1A5017D0}.Release|Any CPU.ActiveCfg = Release|Any CPU
		{78428977-1D86-4D8F-AA06-814B1A5017D0}.Release|Any CPU.Build.0 = Release|Any CPU
		{CE8000F7-23C2-43A3-824F-EBC9BD2394D1}.Debug|Any CPU.ActiveCfg = Debug|Any CPU
		{CE8000F7-23C2-43A3-824F-EBC9BD2394D1}.Debug|Any CPU.Build.0 = Debug|Any CPU
		{CE8000F7-23C2-43A3-824F-EBC9BD2394D1}.Release|Any CPU.ActiveCfg = Release|Any CPU
		{CE8000F7-23C2-43A3-824F-EBC9BD2394D1}.Release|Any CPU.Build.0 = Release|Any CPU
		{38BF7BF9-8328-4F8A-8149-864F024FDE71}.Debug|Any CPU.ActiveCfg = Debug|Any CPU
		{38BF7BF9-8328-4F8A-8149-864F024FDE71}.Debug|Any CPU.Build.0 = Debug|Any CPU
		{38BF7BF9-8328-4F8A-8149-864F024FDE71}.Release|Any CPU.ActiveCfg = Release|Any CPU
		{38BF7BF9-8328-4F8A-8149-864F024FDE71}.Release|Any CPU.Build.0 = Release|Any CPU
		{2BA132D7-8589-4A8B-84C6-637EB6E92076}.Debug|Any CPU.ActiveCfg = Debug|Any CPU
		{2BA132D7-8589-4A8B-84C6-637EB6E92076}.Debug|Any CPU.Build.0 = Debug|Any CPU
		{2BA132D7-8589-4A8B-84C6-637EB6E92076}.Release|Any CPU.ActiveCfg = Release|Any CPU
		{2BA132D7-8589-4A8B-84C6-637EB6E92076}.Release|Any CPU.Build.0 = Release|Any CPU
	EndGlobalSection
	GlobalSection(SolutionProperties) = preSolution
		HideSolutionNode = FALSE
	EndGlobalSection
	GlobalSection(NestedProjects) = preSolution
		{02B2AD84-F14E-4102-AC64-5E702FEC4D76} = {3253D64A-C370-4CF7-9976-BF78A3F2864D}
		{2F202EA4-6373-4757-916F-BD01E6804E04} = {309D55B7-EAEB-49C4-AFBB-37146D9BE7CB}
		{0FEBDAB0-3453-40F2-8412-7C7E5CB92AC8} = {309D55B7-EAEB-49C4-AFBB-37146D9BE7CB}
		{78428977-1D86-4D8F-AA06-814B1A5017D0} = {309D55B7-EAEB-49C4-AFBB-37146D9BE7CB}
		{CE8000F7-23C2-43A3-824F-EBC9BD2394D1} = {9C3DE97D-38F5-47BA-872F-C150A4F50462}
		{38BF7BF9-8328-4F8A-8149-864F024FDE71} = {9C3DE97D-38F5-47BA-872F-C150A4F50462}
		{2BA132D7-8589-4A8B-84C6-637EB6E92076} = {9C3DE97D-38F5-47BA-872F-C150A4F50462}
	EndGlobalSection
	GlobalSection(ExtensibilityGlobals) = postSolution
		SolutionGuid = {2E865F35-F3E6-4096-889B-49B9ABBB90D4}
	EndGlobalSection
EndGlobal
