
Microsoft Visual Studio Solution File, Format Version 12.00
# Visual Studio Version 17
VisualStudioVersion = 17.11.35303.130
MinimumVisualStudioVersion = 10.0.40219.1
Project("{2150E333-8FDC-42A3-9474-1A3956D46DE8}") = "test", "test", "{3253D64A-C370-4CF7-9976-BF78A3F2864D}"
EndProject
Project("{9A19103F-16F7-4668-BE54-9A1E7A4F7556}") = "ConsoleApp1", "ConsoleApp1\ConsoleApp1.csproj", "{02B2AD84-F14E-4102-AC64-5E702FEC4D76}"
EndProject
Project("{2150E333-8FDC-42A3-9474-1A3956D46DE8}") = "Task0", "Task0", "{309D55B7-EAEB-49C4-AFBB-37146D9BE7CB}"
EndProject
Project("{9A19103F-16F7-4668-BE54-9A1E7A4F7556}") = "Tyuiu.ChigurovMV.Sprint5.Task0.V4", "Tyuiu.ChigurovMV.Sprint5.Task0.V4\Tyuiu.ChigurovMV.Sprint5.Task0.V4.csproj", "{2F202EA4-6373-4757-916F-BD01E6804E04}"
EndProject
Project("{9A19103F-16F7-4668-BE54-9A1E7A4F7556}") = "Tyuiu.ChigurovMV.Sprint5.Task0.V4.Test", "Tyuiu.ChigurovMV.Sprint5.Task0.V4.Test\Tyuiu.ChigurovMV.Sprint5.Task0.V4.Test.csproj", "{0FEBDAB0-3453-40F2-8412-7C7E5CB92AC8}"
EndProject
Project("{9A19103F-16F7-4668-BE54-9A1E7A4F7556}") = "Tyuiu.ChigurovMV.Sprint5.Task0.V4.Lib", "Tyuiu.ChigurovMV.Sprint5.Task0.V4.Lib\Tyuiu.ChigurovMV.Sprint5.Task0.V4.Lib.csproj", "{78428977-1D86-4D8F-AA06-814B1A5017D0}"
EndProject
Project("{2150E333-8FDC-42A3-9474-1A3956D46DE8}") = "Task1", "Task1", "{9C3DE97D-38F5-47BA-872F-C150A4F50462}"
EndProject
Project("{9A19103F-16F7-4668-BE54-9A1E7A4F7556}") = "Tyuiu.ChigurovMV.Sprint5.Task1.V17", "Tyuiu.ChigurovMV.Sprint5.Task1.V17\Tyuiu.ChigurovMV.Sprint5.Task1.V17.csproj", "{CE8000F7-23C2-43A3-824F-EBC9BD2394D1}"
EndProject
Project("{9A19103F-16F7-4668-BE54-9A1E7A4F7556}") = "Tyuiu.ChigurovMV.Sprint5.Task1.V17.Lib", "Tyuiu.ChigurovMV.Sprint5.Task1.V17.Lib\Tyuiu.ChigurovMV.Sprint5.Task1.V17.Lib.csproj", "{38BF7BF9-8328-4F8A-8149-864F024FDE71}"
EndProject
Project("{9A19103F-16F7-4668-BE54-9A1E7A4F7556}") = "Tyuiu.ChigurovMV.Sprint5.Task1.V17.Test", "Tyuiu.ChigurovMV.Sprint5.Task1.V17.Test\Tyuiu.ChigurovMV.Sprint5.Task1.V17.Test.csproj", "{2BA132D7-8589-4A8B-84C6-637EB6E92076}"
EndProject
Project("{2150E333-8FDC-42A3-9474-1A3956D46DE8}") = "Task2", "Task2", "{82D423AF-91D3-4E9A-B614-F5710CB21402}"
EndProject
Project("{9A19103F-16F7-4668-BE54-9A1E7A4F7556}") = "Tyuiu.ChigurovMV.Sprint5.Task2.V5", "Tyuiu.ChigurovMV.Sprint5.Task2.V5\Tyuiu.ChigurovMV.Sprint5.Task2.V5.csproj", "{88ECFA16-EA61-4F16-9CC1-FC977E2A15DA}"
EndProject
Project("{9A19103F-16F7-4668-BE54-9A1E7A4F7556}") = "Tyuiu.ChigurovMV.Sprint5.Task2.V5.Test", "Tyuiu.ChigurovMV.Sprint5.Task2.V5.Test\Tyuiu.ChigurovMV.Sprint5.Task2.V5.Test.csproj", "{4505514D-49E6-4296-ADBE-920470CEBE24}"
EndProject
Project("{9A19103F-16F7-4668-BE54-9A1E7A4F7556}") = "Tyuiu.ChigurovMV.Sprint5.Task2.V5.Lib", "Tyuiu.ChigurovMV.Sprint5.Task2.V5.Lib\Tyuiu.ChigurovMV.Sprint5.Task2.V5.Lib.csproj", "{990E4824-10B2-48A6-9FF6-0FBAE9280C52}"
EndProject
Project("{2150E333-8FDC-42A3-9474-1A3956D46DE8}") = "Task3", "Task3", "{231A9941-4985-4B54-A46A-89B942FBC341}"
EndProject
Project("{9A19103F-16F7-4668-BE54-9A1E7A4F7556}") = "Tyuiu.ChigurovMV.Sprint5.Task3.V23", "Tyuiu.ChigurovMV.Sprint5.Task3.V23\Tyuiu.ChigurovMV.Sprint5.Task3.V23.csproj", "{C1C604C5-D6A8-4CD9-B286-6F53B8816C67}"
EndProject
Project("{9A19103F-16F7-4668-BE54-9A1E7A4F7556}") = "Tyuiu.ChigurovMV.Sprint5.Task3.V23.Lib", "Tyuiu.ChigurovMV.Sprint5.Task3.V23.Lib\Tyuiu.ChigurovMV.Sprint5.Task3.V23.Lib.csproj", "{0F3BB4F3-9641-43DB-A78D-BCC185EFCB04}"
EndProject
Project("{9A19103F-16F7-4668-BE54-9A1E7A4F7556}") = "Tyuiu.ChigurovMV.Sprint5.Task3.V23.Test", "Tyuiu.ChigurovMV.Sprint5.Task3.V23.Test\Tyuiu.ChigurovMV.Sprint5.Task3.V23.Test.csproj", "{54F25E12-C7F0-47BB-BEA2-71F0BF81B6B4}"
EndProject
Project("{2150E333-8FDC-42A3-9474-1A3956D46DE8}") = "Task4", "Task4", "{BA4C2BC5-6134-40B5-B692-0DA1715F0030}"
EndProject
Project("{9A19103F-16F7-4668-BE54-9A1E7A4F7556}") = "Tyuiu.ChigurovMV.Sprint5.Task4.V25", "Tyuiu.ChigurovMV.Sprint5.Task4.V25\Tyuiu.ChigurovMV.Sprint5.Task4.V25.csproj", "{2A07704C-6E42-4F98-835B-E2DB172AEB10}"
EndProject
Project("{9A19103F-16F7-4668-BE54-9A1E7A4F7556}") = "Tyuiu.ChigurovMV.Sprint5.Task4.V25.Test", "Tyuiu.ChigurovMV.Sprint5.Task4.V25.Test\Tyuiu.ChigurovMV.Sprint5.Task4.V25.Test.csproj", "{47964F41-DCC1-4B91-BC5F-E8D5CF720BE7}"
EndProject
Project("{9A19103F-16F7-4668-BE54-9A1E7A4F7556}") = "Tyuiu.ChigurovMV.Sprint5.Task4.V25.Lib", "Tyuiu.ChigurovMV.Sprint5.Task4.V25.Lib\Tyuiu.ChigurovMV.Sprint5.Task4.V25.Lib.csproj", "{671BE44A-E66D-4A1C-A7FD-0F6DFB414D5F}"
EndProject
Project("{2150E333-8FDC-42A3-9474-1A3956D46DE8}") = "Task5", "Task5", "{5CC7748F-6604-4EA1-9B90-4AF77EBCC3D2}"
EndProject
Project("{FAE04EC0-301F-11D3-BF4B-00C04F79EFBC}") = "Tyuiu.ChigurovMV.Sprint5.Task5.V3", "Tyuiu.ChigurovMV.Sprint5.Task5.V3\Tyuiu.ChigurovMV.Sprint5.Task5.V3.csproj", "{BBB312FF-F5A3-478C-9EBA-0608E743C144}"
EndProject
Project("{FAE04EC0-301F-11D3-BF4B-00C04F79EFBC}") = "Tyuiu.ChigurovMV.Sprint5.Task5.V3.Lib", "Tyuiu.ChigurovMV.Sprint5.Task5.V3.Lib\Tyuiu.ChigurovMV.Sprint5.Task5.V3.Lib.csproj", "{4EF89342-228E-4B78-A9BA-75F293411007}"
EndProject
Project("{FAE04EC0-301F-11D3-BF4B-00C04F79EFBC}") = "Tyuiu.ChigurovMV.Sprint5.Task5.V3.Test", "Tyuiu.ChigurovMV.Sprint5.Task5.V3.Test\Tyuiu.ChigurovMV.Sprint5.Task5.V3.Test.csproj", "{A81209B3-AC67-474F-A68B-17E82ABD5A7C}"
EndProject
Global
	GlobalSection(SolutionConfigurationPlatforms) = preSolution
		Debug|Any CPU = Debug|Any CPU
		Release|Any CPU = Release|Any CPU
	EndGlobalSection
	GlobalSection(ProjectConfigurationPlatforms) = postSolution
		{02B2AD84-F14E-4102-AC64-5E702FEC4D76}.Debug|Any CPU.ActiveCfg = Debug|Any CPU
		{02B2AD84-F14E-4102-AC64-5E702FEC4D76}.Debug|Any CPU.Build.0 = Debug|Any CPU
		{02B2AD84-F14E-4102-AC64-5E702FEC4D76}.Release|Any CPU.ActiveCfg = Release|Any CPU
		{02B2AD84-F14E-4102-AC64-5E702FEC4D76}.Release|Any CPU.Build.0 = Release|Any CPU
		{2F202EA4-6373-4757-916F-BD01E6804E04}.Debug|Any CPU.ActiveCfg = Debug|Any CPU
		{2F202EA4-6373-4757-916F-BD01E6804E04}.Debug|Any CPU.Build.0 = Debug|Any CPU
		{2F202EA4-6373-4757-916F-BD01E6804E04}.Release|Any CPU.ActiveCfg = Release|Any CPU
		{2F202EA4-6373-4757-916F-BD01E6804E04}.Release|Any CPU.Build.0 = Release|Any CPU
		{0FEBDAB0-3453-40F2-8412-7C7E5CB92AC8}.Debug|Any CPU.ActiveCfg = Debug|Any CPU
		{0FEBDAB0-3453-40F2-8412-7C7E5CB92AC8}.Debug|Any CPU.Build.0 = Debug|Any CPU
		{0FEBDAB0-3453-40F2-8412-7C7E5CB92AC8}.Release|Any CPU.ActiveCfg = Release|Any CPU
		{0FEBDAB0-3453-40F2-8412-7C7E5CB92AC8}.Release|Any CPU.Build.0 = Release|Any CPU
		{78428977-1D86-4D8F-AA06-814B1A5017D0}.Debug|Any CPU.ActiveCfg = Debug|Any CPU
		{78428977-1D86-4D8F-AA06-814B1A5017D0}.Debug|Any CPU.Build.0 = Debug|Any CPU
		{78428977-1D86-4D8F-AA06-814B1A5017D0}.Release|Any CPU.ActiveCfg = Release|Any CPU
		{78428977-1D86-4D8F-AA06-814B1A5017D0}.Release|Any CPU.Build.0 = Release|Any CPU
		{CE8000F7-23C2-43A3-824F-EBC9BD2394D1}.Debug|Any CPU.ActiveCfg = Debug|Any CPU
		{CE8000F7-23C2-43A3-824F-EBC9BD2394D1}.Debug|Any CPU.Build.0 = Debug|Any CPU
		{CE8000F7-23C2-43A3-824F-EBC9BD2394D1}.Release|Any CPU.ActiveCfg = Release|Any CPU
		{CE8000F7-23C2-43A3-824F-EBC9BD2394D1}.Release|Any CPU.Build.0 = Release|Any CPU
		{38BF7BF9-8328-4F8A-8149-864F024FDE71}.Debug|Any CPU.ActiveCfg = Debug|Any CPU
		{38BF7BF9-8328-4F8A-8149-864F024FDE71}.Debug|Any CPU.Build.0 = Debug|Any CPU
		{38BF7BF9-8328-4F8A-8149-864F024FDE71}.Release|Any CPU.ActiveCfg = Release|Any CPU
		{38BF7BF9-8328-4F8A-8149-864F024FDE71}.Release|Any CPU.Build.0 = Release|Any CPU
		{2BA132D7-8589-4A8B-84C6-637EB6E92076}.Debug|Any CPU.ActiveCfg = Debug|Any CPU
		{2BA132D7-8589-4A8B-84C6-637EB6E92076}.Debug|Any CPU.Build.0 = Debug|Any CPU
		{2BA132D7-8589-4A8B-84C6-637EB6E92076}.Release|Any CPU.ActiveCfg = Release|Any CPU
		{2BA132D7-8589-4A8B-84C6-637EB6E92076}.Release|Any CPU.Build.0 = Release|Any CPU
		{88ECFA16-EA61-4F16-9CC1-FC977E2A15DA}.Debug|Any CPU.ActiveCfg = Debug|Any CPU
		{88ECFA16-EA61-4F16-9CC1-FC977E2A15DA}.Debug|Any CPU.Build.0 = Debug|Any CPU
		{88ECFA16-EA61-4F16-9CC1-FC977E2A15DA}.Release|Any CPU.ActiveCfg = Release|Any CPU
		{88ECFA16-EA61-4F16-9CC1-FC977E2A15DA}.Release|Any CPU.Build.0 = Release|Any CPU
		{4505514D-49E6-4296-ADBE-920470CEBE24}.Debug|Any CPU.ActiveCfg = Debug|Any CPU
		{4505514D-49E6-4296-ADBE-920470CEBE24}.Debug|Any CPU.Build.0 = Debug|Any CPU
		{4505514D-49E6-4296-ADBE-920470CEBE24}.Release|Any CPU.ActiveCfg = Release|Any CPU
		{4505514D-49E6-4296-ADBE-920470CEBE24}.Release|Any CPU.Build.0 = Release|Any CPU
		{990E4824-10B2-48A6-9FF6-0FBAE9280C52}.Debug|Any CPU.ActiveCfg = Debug|Any CPU
		{990E4824-10B2-48A6-9FF6-0FBAE9280C52}.Debug|Any CPU.Build.0 = Debug|Any CPU
		{990E4824-10B2-48A6-9FF6-0FBAE9280C52}.Release|Any CPU.ActiveCfg = Release|Any CPU
		{990E4824-10B2-48A6-9FF6-0FBAE9280C52}.Release|Any CPU.Build.0 = Release|Any CPU
		{C1C604C5-D6A8-4CD9-B286-6F53B8816C67}.Debug|Any CPU.ActiveCfg = Debug|Any CPU
		{C1C604C5-D6A8-4CD9-B286-6F53B8816C67}.Debug|Any CPU.Build.0 = Debug|Any CPU
		{C1C604C5-D6A8-4CD9-B286-6F53B8816C67}.Release|Any CPU.ActiveCfg = Release|Any CPU
		{C1C604C5-D6A8-4CD9-B286-6F53B8816C67}.Release|Any CPU.Build.0 = Release|Any CPU
		{0F3BB4F3-9641-43DB-A78D-BCC185EFCB04}.Debug|Any CPU.ActiveCfg = Debug|Any CPU
		{0F3BB4F3-9641-43DB-A78D-BCC185EFCB04}.Debug|Any CPU.Build.0 = Debug|Any CPU
		{0F3BB4F3-9641-43DB-A78D-BCC185EFCB04}.Release|Any CPU.ActiveCfg = Release|Any CPU
		{0F3BB4F3-9641-43DB-A78D-BCC185EFCB04}.Release|Any CPU.Build.0 = Release|Any CPU
		{54F25E12-C7F0-47BB-BEA2-71F0BF81B6B4}.Debug|Any CPU.ActiveCfg = Debug|Any CPU
		{54F25E12-C7F0-47BB-BEA2-71F0BF81B6B4}.Debug|Any CPU.Build.0 = Debug|Any CPU
		{54F25E12-C7F0-47BB-BEA2-71F0BF81B6B4}.Release|Any CPU.ActiveCfg = Release|Any CPU
		{54F25E12-C7F0-47BB-BEA2-71F0BF81B6B4}.Release|Any CPU.Build.0 = Release|Any CPU
		{2A07704C-6E42-4F98-835B-E2DB172AEB10}.Debug|Any CPU.ActiveCfg = Debug|Any CPU
		{2A07704C-6E42-4F98-835B-E2DB172AEB10}.Debug|Any CPU.Build.0 = Debug|Any CPU
		{2A07704C-6E42-4F98-835B-E2DB172AEB10}.Release|Any CPU.ActiveCfg = Release|Any CPU
		{2A07704C-6E42-4F98-835B-E2DB172AEB10}.Release|Any CPU.Build.0 = Release|Any CPU
		{47964F41-DCC1-4B91-BC5F-E8D5CF720BE7}.Debug|Any CPU.ActiveCfg = Debug|Any CPU
		{47964F41-DCC1-4B91-BC5F-E8D5CF720BE7}.Debug|Any CPU.Build.0 = Debug|Any CPU
		{47964F41-DCC1-4B91-BC5F-E8D5CF720BE7}.Release|Any CPU.ActiveCfg = Release|Any CPU
		{47964F41-DCC1-4B91-BC5F-E8D5CF720BE7}.Release|Any CPU.Build.0 = Release|Any CPU
		{671BE44A-E66D-4A1C-A7FD-0F6DFB414D5F}.Debug|Any CPU.ActiveCfg = Debug|Any CPU
		{671BE44A-E66D-4A1C-A7FD-0F6DFB414D5F}.Debug|Any CPU.Build.0 = Debug|Any CPU
		{671BE44A-E66D-4A1C-A7FD-0F6DFB414D5F}.Release|Any CPU.ActiveCfg = Release|Any CPU
		{671BE44A-E66D-4A1C-A7FD-0F6DFB414D5F}.Release|Any CPU.Build.0 = Release|Any CPU
		{BBB312FF-F5A3-478C-9EBA-0608E743C144}.Debug|Any CPU.ActiveCfg = Debug|Any CPU
		{BBB312FF-F5A3-478C-9EBA-0608E743C144}.Debug|Any CPU.Build.0 = Debug|Any CPU
		{BBB312FF-F5A3-478C-9EBA-0608E743C144}.Release|Any CPU.ActiveCfg = Release|Any CPU
		{BBB312FF-F5A3-478C-9EBA-0608E743C144}.Release|Any CPU.Build.0 = Release|Any CPU
		{4EF89342-228E-4B78-A9BA-75F293411007}.Debug|Any CPU.ActiveCfg = Debug|Any CPU
		{4EF89342-228E-4B78-A9BA-75F293411007}.Debug|Any CPU.Build.0 = Debug|Any CPU
		{4EF89342-228E-4B78-A9BA-75F293411007}.Release|Any CPU.ActiveCfg = Release|Any CPU
		{4EF89342-228E-4B78-A9BA-75F293411007}.Release|Any CPU.Build.0 = Release|Any CPU
		{A81209B3-AC67-474F-A68B-17E82ABD5A7C}.Debug|Any CPU.ActiveCfg = Debug|Any CPU
		{A81209B3-AC67-474F-A68B-17E82ABD5A7C}.Debug|Any CPU.Build.0 = Debug|Any CPU
		{A81209B3-AC67-474F-A68B-17E82ABD5A7C}.Release|Any CPU.ActiveCfg = Release|Any CPU
		{A81209B3-AC67-474F-A68B-17E82ABD5A7C}.Release|Any CPU.Build.0 = Release|Any CPU
	EndGlobalSection
	GlobalSection(SolutionProperties) = preSolution
		HideSolutionNode = FALSE
	EndGlobalSection
	GlobalSection(NestedProjects) = preSolution
		{02B2AD84-F14E-4102-AC64-5E702FEC4D76} = {3253D64A-C370-4CF7-9976-BF78A3F2864D}
		{2F202EA4-6373-4757-916F-BD01E6804E04} = {309D55B7-EAEB-49C4-AFBB-37146D9BE7CB}
		{0FEBDAB0-3453-40F2-8412-7C7E5CB92AC8} = {309D55B7-EAEB-49C4-AFBB-37146D9BE7CB}
		{78428977-1D86-4D8F-AA06-814B1A5017D0} = {309D55B7-EAEB-49C4-AFBB-37146D9BE7CB}
		{CE8000F7-23C2-43A3-824F-EBC9BD2394D1} = {9C3DE97D-38F5-47BA-872F-C150A4F50462}
		{38BF7BF9-8328-4F8A-8149-864F024FDE71} = {9C3DE97D-38F5-47BA-872F-C150A4F50462}
		{2BA132D7-8589-4A8B-84C6-637EB6E92076} = {9C3DE97D-38F5-47BA-872F-C150A4F50462}
		{88ECFA16-EA61-4F16-9CC1-FC977E2A15DA} = {82D423AF-91D3-4E9A-B614-F5710CB21402}
		{4505514D-49E6-4296-ADBE-920470CEBE24} = {82D423AF-91D3-4E9A-B614-F5710CB21402}
		{990E4824-10B2-48A6-9FF6-0FBAE9280C52} = {82D423AF-91D3-4E9A-B614-F5710CB21402}
		{C1C604C5-D6A8-4CD9-B286-6F53B8816C67} = {231A9941-4985-4B54-A46A-89B942FBC341}
		{0F3BB4F3-9641-43DB-A78D-BCC185EFCB04} = {231A9941-4985-4B54-A46A-89B942FBC341}
		{54F25E12-C7F0-47BB-BEA2-71F0BF81B6B4} = {231A9941-4985-4B54-A46A-89B942FBC341}
		{2A07704C-6E42-4F98-835B-E2DB172AEB10} = {BA4C2BC5-6134-40B5-B692-0DA1715F0030}
		{47964F41-DCC1-4B91-BC5F-E8D5CF720BE7} = {BA4C2BC5-6134-40B5-B692-0DA1715F0030}
		{671BE44A-E66D-4A1C-A7FD-0F6DFB414D5F} = {BA4C2BC5-6134-40B5-B692-0DA1715F0030}
		{BBB312FF-F5A3-478C-9EBA-0608E743C144} = {5CC7748F-6604-4EA1-9B90-4AF77EBCC3D2}
		{4EF89342-228E-4B78-A9BA-75F293411007} = {5CC7748F-6604-4EA1-9B90-4AF77EBCC3D2}
		{A81209B3-AC67-474F-A68B-17E82ABD5A7C} = {5CC7748F-6604-4EA1-9B90-4AF77EBCC3D2}
	EndGlobalSection
	GlobalSection(ExtensibilityGlobals) = postSolution
		SolutionGuid = {2E865F35-F3E6-4096-889B-49B9ABBB90D4}
	EndGlobalSection
EndGlobal
